// !$*UTF8*$!
{
	archiveVersion = 1;
	classes = {
	};
	objectVersion = 55;
	objects = {

/* Begin PBXBuildFile section */
		B8C9D7B628CFDCD3000BDA50 /* AppDelegate.swift in Sources */ = {isa = PBXBuildFile; fileRef = B8C9D7B528CFDCD3000BDA50 /* AppDelegate.swift */; };
		B8C9D7B828CFDCD3000BDA50 /* SceneDelegate.swift in Sources */ = {isa = PBXBuildFile; fileRef = B8C9D7B728CFDCD3000BDA50 /* SceneDelegate.swift */; };
		B8C9D7BA28CFDCD3000BDA50 /* ViewController.swift in Sources */ = {isa = PBXBuildFile; fileRef = B8C9D7B928CFDCD3000BDA50 /* ViewController.swift */; };
		B8C9D7BD28CFDCD3000BDA50 /* Main.storyboard in Resources */ = {isa = PBXBuildFile; fileRef = B8C9D7BB28CFDCD3000BDA50 /* Main.storyboard */; };
		B8C9D7C028CFDCD3000BDA50 /* GoodTasteProject.xcdatamodeld in Sources */ = {isa = PBXBuildFile; fileRef = B8C9D7BE28CFDCD3000BDA50 /* GoodTasteProject.xcdatamodeld */; };
		B8C9D7C228CFDCD5000BDA50 /* Assets.xcassets in Resources */ = {isa = PBXBuildFile; fileRef = B8C9D7C128CFDCD5000BDA50 /* Assets.xcassets */; };
		B8C9D7C528CFDCD5000BDA50 /* LaunchScreen.storyboard in Resources */ = {isa = PBXBuildFile; fileRef = B8C9D7C328CFDCD5000BDA50 /* LaunchScreen.storyboard */; };
/* End PBXBuildFile section */

/* Begin PBXFileReference section */
		B8C9D7B228CFDCD3000BDA50 /* GoodTasteProject.app */ = {isa = PBXFileReference; explicitFileType = wrapper.application; includeInIndex = 0; path = GoodTasteProject.app; sourceTree = BUILT_PRODUCTS_DIR; };
		B8C9D7B528CFDCD3000BDA50 /* AppDelegate.swift */ = {isa = PBXFileReference; lastKnownFileType = sourcecode.swift; path = AppDelegate.swift; sourceTree = "<group>"; };
		B8C9D7B728CFDCD3000BDA50 /* SceneDelegate.swift */ = {isa = PBXFileReference; lastKnownFileType = sourcecode.swift; path = SceneDelegate.swift; sourceTree = "<group>"; };
		B8C9D7B928CFDCD3000BDA50 /* ViewController.swift */ = {isa = PBXFileReference; lastKnownFileType = sourcecode.swift; path = ViewController.swift; sourceTree = "<group>"; };
		B8C9D7BC28CFDCD3000BDA50 /* Base */ = {isa = PBXFileReference; lastKnownFileType = file.storyboard; name = Base; path = Base.lproj/Main.storyboard; sourceTree = "<group>"; };
		B8C9D7BF28CFDCD3000BDA50 /* GoodTasteProject.xcdatamodel */ = {isa = PBXFileReference; lastKnownFileType = wrapper.xcdatamodel; path = GoodTasteProject.xcdatamodel; sourceTree = "<group>"; };
		B8C9D7C128CFDCD5000BDA50 /* Assets.xcassets */ = {isa = PBXFileReference; lastKnownFileType = folder.assetcatalog; path = Assets.xcassets; sourceTree = "<group>"; };
		B8C9D7C428CFDCD5000BDA50 /* Base */ = {isa = PBXFileReference; lastKnownFileType = file.storyboard; name = Base; path = Base.lproj/LaunchScreen.storyboard; sourceTree = "<group>"; };
		B8C9D7C628CFDCD5000BDA50 /* Info.plist */ = {isa = PBXFileReference; lastKnownFileType = text.plist.xml; path = Info.plist; sourceTree = "<group>"; };
/* End PBXFileReference section */

/* Begin PBXFrameworksBuildPhase section */
		B8C9D7AF28CFDCD3000BDA50 /* Frameworks */ = {
			isa = PBXFrameworksBuildPhase;
			buildActionMask = 2147483647;
			files = (
			);
			runOnlyForDeploymentPostprocessing = 0;
		};
/* End PBXFrameworksBuildPhase section */

/* Begin PBXGroup section */
		B8C9D7A928CFDCD2000BDA50 = {
			isa = PBXGroup;
			children = (
				B8C9D7B428CFDCD3000BDA50 /* GoodTasteProject */,
				B8C9D7B328CFDCD3000BDA50 /* Products */,
			);
			sourceTree = "<group>";
		};
		B8C9D7B328CFDCD3000BDA50 /* Products */ = {
			isa = PBXGroup;
			children = (
				B8C9D7B228CFDCD3000BDA50 /* GoodTasteProject.app */,
			);
			name = Products;
			sourceTree = "<group>";
		};
		B8C9D7B428CFDCD3000BDA50 /* GoodTasteProject */ = {
			isa = PBXGroup;
			children = (
				B8C9D7B528CFDCD3000BDA50 /* AppDelegate.swift */,
				B8C9D7B728CFDCD3000BDA50 /* SceneDelegate.swift */,
				B8C9D7B928CFDCD3000BDA50 /* ViewController.swift */,
				B8C9D7BB28CFDCD3000BDA50 /* Main.storyboard */,
				B8C9D7C128CFDCD5000BDA50 /* Assets.xcassets */,
				B8C9D7C328CFDCD5000BDA50 /* LaunchScreen.storyboard */,
				B8C9D7C628CFDCD5000BDA50 /* Info.plist */,
				B8C9D7BE28CFDCD3000BDA50 /* GoodTasteProject.xcdatamodeld */,
			);
			path = GoodTasteProject;
			sourceTree = "<group>";
		};
/* End PBXGroup section */

/* Begin PBXNativeTarget section */
		B8C9D7B128CFDCD3000BDA50 /* GoodTasteProject */ = {
			isa = PBXNativeTarget;
			buildConfigurationList = B8C9D7C928CFDCD5000BDA50 /* Build configuration list for PBXNativeTarget "GoodTasteProject" */;
			buildPhases = (
				B8C9D7AE28CFDCD3000BDA50 /* Sources */,
				B8C9D7AF28CFDCD3000BDA50 /* Frameworks */,
				B8C9D7B028CFDCD3000BDA50 /* Resources */,
			);
			buildRules = (
			);
			dependencies = (
			);
			name = GoodTasteProject;
			productName = GoodTasteProject;
			productReference = B8C9D7B228CFDCD3000BDA50 /* GoodTasteProject.app */;
			productType = "com.apple.product-type.application";
		};
/* End PBXNativeTarget section */

/* Begin PBXProject section */
		B8C9D7AA28CFDCD2000BDA50 /* Project object */ = {
			isa = PBXProject;
			attributes = {
				BuildIndependentTargetsInParallel = 1;
				LastSwiftUpdateCheck = 1330;
				LastUpgradeCheck = 1330;
				TargetAttributes = {
					B8C9D7B128CFDCD3000BDA50 = {
						CreatedOnToolsVersion = 13.3.1;
					};
				};
			};
			buildConfigurationList = B8C9D7AD28CFDCD2000BDA50 /* Build configuration list for PBXProject "GoodTasteProject" */;
			compatibilityVersion = "Xcode 13.0";
			developmentRegion = en;
			hasScannedForEncodings = 0;
			knownRegions = (
				en,
				Base,
			);
			mainGroup = B8C9D7A928CFDCD2000BDA50;
			productRefGroup = B8C9D7B328CFDCD3000BDA50 /* Products */;
			projectDirPath = "";
			projectRoot = "";
			targets = (
				B8C9D7B128CFDCD3000BDA50 /* GoodTasteProject */,
			);
		};
/* End PBXProject section */

/* Begin PBXResourcesBuildPhase section */
		B8C9D7B028CFDCD3000BDA50 /* Resources */ = {
			isa = PBXResourcesBuildPhase;
			buildActionMask = 2147483647;
			files = (
				B8C9D7C528CFDCD5000BDA50 /* LaunchScreen.storyboard in Resources */,
				B8C9D7C228CFDCD5000BDA50 /* Assets.xcassets in Resources */,
				B8C9D7BD28CFDCD3000BDA50 /* Main.storyboard in Resources */,
			);
			runOnlyForDeploymentPostprocessing = 0;
		};
/* End PBXResourcesBuildPhase section */

/* Begin PBXSourcesBuildPhase section */
		B8C9D7AE28CFDCD3000BDA50 /* Sources */ = {
			isa = PBXSourcesBuildPhase;
			buildActionMask = 2147483647;
			files = (
				B8C9D7BA28CFDCD3000BDA50 /* ViewController.swift in Sources */,
				B8C9D7B628CFDCD3000BDA50 /* AppDelegate.swift in Sources */,
				B8C9D7C028CFDCD3000BDA50 /* GoodTasteProject.xcdatamodeld in Sources */,
				B8C9D7B828CFDCD3000BDA50 /* SceneDelegate.swift in Sources */,
			);
			runOnlyForDeploymentPostprocessing = 0;
		};
/* End PBXSourcesBuildPhase section */

/* Begin PBXVariantGroup section */
		B8C9D7BB28CFDCD3000BDA50 /* Main.storyboard */ = {
			isa = PBXVariantGroup;
			children = (
				B8C9D7BC28CFDCD3000BDA50 /* Base */,
			);
			name = Main.storyboard;
			sourceTree = "<group>";
		};
		B8C9D7C328CFDCD5000BDA50 /* LaunchScreen.storyboard */ = {
			isa = PBXVariantGroup;
			children = (
				B8C9D7C428CFDCD5000BDA50 /* Base */,
			);
			name = LaunchScreen.storyboard;
			sourceTree = "<group>";
		};
/* End PBXVariantGroup section */

/* Begin XCBuildConfiguration section */
		B8C9D7C728CFDCD5000BDA50 /* Debug */ = {
			isa = XCBuildConfiguration;
			buildSettings = {
				ALWAYS_SEARCH_USER_PATHS = NO;
				CLANG_ANALYZER_NONNULL = YES;
				CLANG_ANALYZER_NUMBER_OBJECT_CONVERSION = YES_AGGRESSIVE;
				CLANG_CXX_LANGUAGE_STANDARD = "gnu++17";
				CLANG_ENABLE_MODULES = YES;
				CLANG_ENABLE_OBJC_ARC = YES;
				CLANG_ENABLE_OBJC_WEAK = YES;
				CLANG_WARN_BLOCK_CAPTURE_AUTORELEASING = YES;
				CLANG_WARN_BOOL_CONVERSION = YES;
				CLANG_WARN_COMMA = YES;
				CLANG_WARN_CONSTANT_CONVERSION = YES;
				CLANG_WARN_DEPRECATED_OBJC_IMPLEMENTATIONS = YES;
				CLANG_WARN_DIRECT_OBJC_ISA_USAGE = YES_ERROR;
				CLANG_WARN_DOCUMENTATION_COMMENTS = YES;
				CLANG_WARN_EMPTY_BODY = YES;
				CLANG_WARN_ENUM_CONVERSION = YES;
				CLANG_WARN_INFINITE_RECURSION = YES;
				CLANG_WARN_INT_CONVERSION = YES;
				CLANG_WARN_NON_LITERAL_NULL_CONVERSION = YES;
				CLANG_WARN_OBJC_IMPLICIT_RETAIN_SELF = YES;
				CLANG_WARN_OBJC_LITERAL_CONVERSION = YES;
				CLANG_WARN_OBJC_ROOT_CLASS = YES_ERROR;
				CLANG_WARN_QUOTED_INCLUDE_IN_FRAMEWORK_HEADER = YES;
				CLANG_WARN_RANGE_LOOP_ANALYSIS = YES;
				CLANG_WARN_STRICT_PROTOTYPES = YES;
				CLANG_WARN_SUSPICIOUS_MOVE = YES;
				CLANG_WARN_UNGUARDED_AVAILABILITY = YES_AGGRESSIVE;
				CLANG_WARN_UNREACHABLE_CODE = YES;
				CLANG_WARN__DUPLICATE_METHOD_MATCH = YES;
				COPY_PHASE_STRIP = NO;
				DEBUG_INFORMATION_FORMAT = dwarf;
				ENABLE_STRICT_OBJC_MSGSEND = YES;
				ENABLE_TESTABILITY = YES;
				GCC_C_LANGUAGE_STANDARD = gnu11;
				GCC_DYNAMIC_NO_PIC = NO;
				GCC_NO_COMMON_BLOCKS = YES;
				GCC_OPTIMIZATION_LEVEL = 0;
				GCC_PREPROCESSOR_DEFINITIONS = (
					"DEBUG=1",
					"$(inherited)",
				);
				GCC_WARN_64_TO_32_BIT_CONVERSION = YES;
				GCC_WARN_ABOUT_RETURN_TYPE = YES_ERROR;
				GCC_WARN_UNDECLARED_SELECTOR = YES;
				GCC_WARN_UNINITIALIZED_AUTOS = YES_AGGRESSIVE;
				GCC_WARN_UNUSED_FUNCTION = YES;
				GCC_WARN_UNUSED_VARIABLE = YES;
				IPHONEOS_DEPLOYMENT_TARGET = 15.4;
				MTL_ENABLE_DEBUG_INFO = INCLUDE_SOURCE;
				MTL_FAST_MATH = YES;
				ONLY_ACTIVE_ARCH = YES;
				SDKROOT = iphoneos;
				SWIFT_ACTIVE_COMPILATION_CONDITIONS = DEBUG;
				SWIFT_OPTIMIZATION_LEVEL = "-Onone";
			};
			name = Debug;
		};
		B8C9D7C828CFDCD5000BDA50 /* Release */ = {
			isa = XCBuildConfiguration;
			buildSettings = {
				ALWAYS_SEARCH_USER_PATHS = NO;
				CLANG_ANALYZER_NONNULL = YES;
				CLANG_ANALYZER_NUMBER_OBJECT_CONVERSION = YES_AGGRESSIVE;
				CLANG_CXX_LANGUAGE_STANDARD = "gnu++17";
				CLANG_ENABLE_MODULES = YES;
				CLANG_ENABLE_OBJC_ARC = YES;
				CLANG_ENABLE_OBJC_WEAK = YES;
				CLANG_WARN_BLOCK_CAPTURE_AUTORELEASING = YES;
				CLANG_WARN_BOOL_CONVERSION = YES;
				CLANG_WARN_COMMA = YES;
				CLANG_WARN_CONSTANT_CONVERSION = YES;
				CLANG_WARN_DEPRECATED_OBJC_IMPLEMENTATIONS = YES;
				CLANG_WARN_DIRECT_OBJC_ISA_USAGE = YES_ERROR;
				CLANG_WARN_DOCUMENTATION_COMMENTS = YES;
				CLANG_WARN_EMPTY_BODY = YES;
				CLANG_WARN_ENUM_CONVERSION = YES;
				CLANG_WARN_INFINITE_RECURSION = YES;
				CLANG_WARN_INT_CONVERSION = YES;
				CLANG_WARN_NON_LITERAL_NULL_CONVERSION = YES;
				CLANG_WARN_OBJC_IMPLICIT_RETAIN_SELF = YES;
				CLANG_WARN_OBJC_LITERAL_CONVERSION = YES;
				CLANG_WARN_OBJC_ROOT_CLASS = YES_ERROR;
				CLANG_WARN_QUOTED_INCLUDE_IN_FRAMEWORK_HEADER = YES;
				CLANG_WARN_RANGE_LOOP_ANALYSIS = YES;
				CLANG_WARN_STRICT_PROTOTYPES = YES;
				CLANG_WARN_SUSPICIOUS_MOVE = YES;
				CLANG_WARN_UNGUARDED_AVAILABILITY = YES_AGGRESSIVE;
				CLANG_WARN_UNREACHABLE_CODE = YES;
				CLANG_WARN__DUPLICATE_METHOD_MATCH = YES;
				COPY_PHASE_STRIP = NO;
				DEBUG_INFORMATION_FORMAT = "dwarf-with-dsym";
				ENABLE_NS_ASSERTIONS = NO;
				ENABLE_STRICT_OBJC_MSGSEND = YES;
				GCC_C_LANGUAGE_STANDARD = gnu11;
				GCC_NO_COMMON_BLOCKS = YES;
				GCC_WARN_64_TO_32_BIT_CONVERSION = YES;
				GCC_WARN_ABOUT_RETURN_TYPE = YES_ERROR;
				GCC_WARN_UNDECLARED_SELECTOR = YES;
				GCC_WARN_UNINITIALIZED_AUTOS = YES_AGGRESSIVE;
				GCC_WARN_UNUSED_FUNCTION = YES;
				GCC_WARN_UNUSED_VARIABLE = YES;
				IPHONEOS_DEPLOYMENT_TARGET = 15.4;
				MTL_ENABLE_DEBUG_INFO = NO;
				MTL_FAST_MATH = YES;
				SDKROOT = iphoneos;
				SWIFT_COMPILATION_MODE = wholemodule;
				SWIFT_OPTIMIZATION_LEVEL = "-O";
				VALIDATE_PRODUCT = YES;
			};
			name = Release;
		};
		B8C9D7CA28CFDCD5000BDA50 /* Debug */ = {
			isa = XCBuildConfiguration;
			buildSettings = {
				ASSETCATALOG_COMPILER_APPICON_NAME = AppIcon;
				ASSETCATALOG_COMPILER_GLOBAL_ACCENT_COLOR_NAME = AccentColor;
				CODE_SIGN_STYLE = Automatic;
				CURRENT_PROJECT_VERSION = 1;
				GENERATE_INFOPLIST_FILE = YES;
				INFOPLIST_FILE = GoodTasteProject/Info.plist;
				INFOPLIST_KEY_UIApplicationSupportsIndirectInputEvents = YES;
				INFOPLIST_KEY_UILaunchStoryboardName = LaunchScreen;
				INFOPLIST_KEY_UIMainStoryboardFile = Main;
				INFOPLIST_KEY_UISupportedInterfaceOrientations_iPad = "UIInterfaceOrientationPortrait UIInterfaceOrientationPortraitUpsideDown UIInterfaceOrientationLandscapeLeft UIInterfaceOrientationLandscapeRight";
				INFOPLIST_KEY_UISupportedInterfaceOrientations_iPhone = "UIInterfaceOrientationPortrait UIInterfaceOrientationLandscapeLeft UIInterfaceOrientationLandscapeRight";
				LD_RUNPATH_SEARCH_PATHS = (
					"$(inherited)",
					"@executable_path/Frameworks",
				);
				MARKETING_VERSION = 1.0;
				PRODUCT_BUNDLE_IDENTIFIER = com.suzun.GoodTasteProject;
				PRODUCT_NAME = "$(TARGET_NAME)";
				SWIFT_EMIT_LOC_STRINGS = YES;
				SWIFT_VERSION = 5.0;
				TARGETED_DEVICE_FAMILY = "1,2";
			};
			name = Debug;
		};
		B8C9D7CB28CFDCD5000BDA50 /* Release */ = {
			isa = XCBuildConfiguration;
			buildSettings = {
				ASSETCATALOG_COMPILER_APPICON_NAME = AppIcon;
				ASSETCATALOG_COMPILER_GLOBAL_ACCENT_COLOR_NAME = AccentColor;
				CODE_SIGN_STYLE = Automatic;
				CURRENT_PROJECT_VERSION = 1;
				GENERATE_INFOPLIST_FILE = YES;
				INFOPLIST_FILE = GoodTasteProject/Info.plist;
				INFOPLIST_KEY_UIApplicationSupportsIndirectInputEvents = YES;
				INFOPLIST_KEY_UILaunchStoryboardName = LaunchScreen;
				INFOPLIST_KEY_UIMainStoryboardFile = Main;
				INFOPLIST_KEY_UISupportedInterfaceOrientations_iPad = "UIInterfaceOrientationPortrait UIInterfaceOrientationPortraitUpsideDown UIInterfaceOrientationLandscapeLeft UIInterfaceOrientationLandscapeRight";
				INFOPLIST_KEY_UISupportedInterfaceOrientations_iPhone = "UIInterfaceOrientationPortrait UIInterfaceOrientationLandscapeLeft UIInterfaceOrientationLandscapeRight";
				LD_RUNPATH_SEARCH_PATHS = (
					"$(inherited)",
					"@executable_path/Frameworks",
				);
				MARKETING_VERSION = 1.0;
				PRODUCT_BUNDLE_IDENTIFIER = com.suzun.GoodTasteProject;
				PRODUCT_NAME = "$(TARGET_NAME)";
				SWIFT_EMIT_LOC_STRINGS = YES;
				SWIFT_VERSION = 5.0;
				TARGETED_DEVICE_FAMILY = "1,2";
			};
			name = Release;
		};
/* End XCBuildConfiguration section */

/* Begin XCConfigurationList section */
		B8C9D7AD28CFDCD2000BDA50 /* Build configuration list for PBXProject "GoodTasteProject" */ = {
			isa = XCConfigurationList;
			buildConfigurations = (
				B8C9D7C728CFDCD5000BDA50 /* Debug */,
				B8C9D7C828CFDCD5000BDA50 /* Release */,
			);
			defaultConfigurationIsVisible = 0;
			defaultConfigurationName = Release;
		};
		B8C9D7C928CFDCD5000BDA50 /* Build configuration list for PBXNativeTarget "GoodTasteProject" */ = {
			isa = XCConfigurationList;
			buildConfigurations = (
				B8C9D7CA28CFDCD5000BDA50 /* Debug */,
				B8C9D7CB28CFDCD5000BDA50 /* Release */,
			);
			defaultConfigurationIsVisible = 0;
			defaultConfigurationName = Release;
		};
/* End XCConfigurationList section */

/* Begin XCVersionGroup section */
		B8C9D7BE28CFDCD3000BDA50 /* GoodTasteProject.xcdatamodeld */ = {
			isa = XCVersionGroup;
			children = (
				B8C9D7BF28CFDCD3000BDA50 /* GoodTasteProject.xcdatamodel */,
			);
			currentVersion = B8C9D7BF28CFDCD3000BDA50 /* GoodTasteProject.xcdatamodel */;
			path = GoodTasteProject.xcdatamodeld;
			sourceTree = "<group>";
			versionGroupType = wrapper.xcdatamodel;
		};
/* End XCVersionGroup section */
	};
	rootObject = B8C9D7AA28CFDCD2000BDA50 /* Project object */;
}
